github.com/Lednerb/bilberry-hugo-theme v1.0.1 h1:KifMfR4SPyWdRh2TMjgxS/o4kybLmBP1csSdFa788xY=
github.com/Lednerb/bilberry-hugo-theme v1.0.1/go.mod h1:dKE4twulJFrdgpUgcNI1NrzjJL2V4p1+xwjVZD1wuEE=
github.com/Lednerb/bilberry-hugo-theme/v4 v4.13.0 h1:wo7g4+z+f/HMfVIOhlyVH4feC/veoNYwKfazjcYZn8g=
github.com/Lednerb/bilberry-hugo-theme/v4 v4.13.0/go.mod h1:BssPF8roZpVOC3q+rjIZiTmtj6KkUufrEhFpwW4KY2c=
github.com/nanxiaobei/hugo-paper v0.0.0-20250419060945-8c75cdd9ce53 h1:VoP3cjNl0DDqtPIMIFDs3vSKmmgXBDrQD6mTOICgf/k=
github.com/nanxiaobei/hugo-paper v0.0.0-20250419060945-8c75cdd9ce53/go.mod h1:cS2hTYPgmZ2FkPTQbOiX6vB0yLQcWD067kJx2lkRPVQ=
